
Microsoft Visual Studio Solution File, Format Version 12.00
# Visual Studio Version 17
VisualStudioVersion = 17.5.002.0
MinimumVisualStudioVersion = 10.0.40219.1
Project("{9A19103F-16F7-4668-BE54-9A1E7A4F7556}") = "day12", "day12.csproj", "{77F8691F-0D3B-4F61-BDD8-3346D18700C0}"
EndProject
Global
	GlobalSection(SolutionConfigurationPlatforms) = preSolution
		Debug|Any CPU = Debug|Any CPU
		Release|Any CPU = Release|Any CPU
	EndGlobalSection
	GlobalSection(ProjectConfigurationPlatforms) = postSolution
		{77F8691F-0D3B-4F61-BDD8-3346D18700C0}.Debug|Any CPU.ActiveCfg = Debug|Any CPU
		{77F8691F-0D3B-4F61-BDD8-3346D18700C0}.Debug|Any CPU.Build.0 = Debug|Any CPU
		{77F8691F-0D3B-4F61-BDD8-3346D18700C0}.Release|Any CPU.ActiveCfg = Release|Any CPU
		{77F8691F-0D3B-4F61-BDD8-3346D18700C0}.Release|Any CPU.Build.0 = Release|Any CPU
	EndGlobalSection
	GlobalSection(SolutionProperties) = preSolution
		HideSolutionNode = FALSE
	EndGlobalSection
	GlobalSection(ExtensibilityGlobals) = postSolution
		SolutionGuid = {5E368E5F-4D72-4E30-9CA3-9515670B6FCB}
	EndGlobalSection
EndGlobal
