
Microsoft Visual Studio Solution File, Format Version 12.00
# Visual Studio Version 17
VisualStudioVersion = 17.5.002.0
MinimumVisualStudioVersion = 10.0.40219.1
Project("{9A19103F-16F7-4668-BE54-9A1E7A4F7556}") = "day09", "day09.csproj", "{332232FA-E293-4BC8-9C95-56836294F953}"
EndProject
Global
	GlobalSection(SolutionConfigurationPlatforms) = preSolution
		Debug|Any CPU = Debug|Any CPU
		Release|Any CPU = Release|Any CPU
	EndGlobalSection
	GlobalSection(ProjectConfigurationPlatforms) = postSolution
		{332232FA-E293-4BC8-9C95-56836294F953}.Debug|Any CPU.ActiveCfg = Debug|Any CPU
		{332232FA-E293-4BC8-9C95-56836294F953}.Debug|Any CPU.Build.0 = Debug|Any CPU
		{332232FA-E293-4BC8-9C95-56836294F953}.Release|Any CPU.ActiveCfg = Release|Any CPU
		{332232FA-E293-4BC8-9C95-56836294F953}.Release|Any CPU.Build.0 = Release|Any CPU
	EndGlobalSection
	GlobalSection(SolutionProperties) = preSolution
		HideSolutionNode = FALSE
	EndGlobalSection
	GlobalSection(ExtensibilityGlobals) = postSolution
		SolutionGuid = {793A820B-DCA6-493B-9EEA-0B9FBF93033C}
	EndGlobalSection
EndGlobal
