
Microsoft Visual Studio Solution File, Format Version 12.00
# Visual Studio Version 17
VisualStudioVersion = 17.5.002.0
MinimumVisualStudioVersion = 10.0.40219.1
Project("{9A19103F-16F7-4668-BE54-9A1E7A4F7556}") = "day02", "day02.csproj", "{F37AE226-4224-4AF1-8F11-5FE294495922}"
EndProject
Global
	GlobalSection(SolutionConfigurationPlatforms) = preSolution
		Debug|Any CPU = Debug|Any CPU
		Release|Any CPU = Release|Any CPU
	EndGlobalSection
	GlobalSection(ProjectConfigurationPlatforms) = postSolution
		{F37AE226-4224-4AF1-8F11-5FE294495922}.Debug|Any CPU.ActiveCfg = Debug|Any CPU
		{F37AE226-4224-4AF1-8F11-5FE294495922}.Debug|Any CPU.Build.0 = Debug|Any CPU
		{F37AE226-4224-4AF1-8F11-5FE294495922}.Release|Any CPU.ActiveCfg = Release|Any CPU
		{F37AE226-4224-4AF1-8F11-5FE294495922}.Release|Any CPU.Build.0 = Release|Any CPU
	EndGlobalSection
	GlobalSection(SolutionProperties) = preSolution
		HideSolutionNode = FALSE
	EndGlobalSection
	GlobalSection(ExtensibilityGlobals) = postSolution
		SolutionGuid = {E575E4D1-6B02-4779-AD06-C79DE423D688}
	EndGlobalSection
EndGlobal
