
Microsoft Visual Studio Solution File, Format Version 12.00
# Visual Studio Version 17
VisualStudioVersion = 17.5.002.0
MinimumVisualStudioVersion = 10.0.40219.1
Project("{9A19103F-16F7-4668-BE54-9A1E7A4F7556}") = "day05", "day05.csproj", "{3CA166A6-3641-43EE-83A8-4C824E7CB17E}"
EndProject
Global
	GlobalSection(SolutionConfigurationPlatforms) = preSolution
		Debug|Any CPU = Debug|Any CPU
		Release|Any CPU = Release|Any CPU
	EndGlobalSection
	GlobalSection(ProjectConfigurationPlatforms) = postSolution
		{3CA166A6-3641-43EE-83A8-4C824E7CB17E}.Debug|Any CPU.ActiveCfg = Debug|Any CPU
		{3CA166A6-3641-43EE-83A8-4C824E7CB17E}.Debug|Any CPU.Build.0 = Debug|Any CPU
		{3CA166A6-3641-43EE-83A8-4C824E7CB17E}.Release|Any CPU.ActiveCfg = Release|Any CPU
		{3CA166A6-3641-43EE-83A8-4C824E7CB17E}.Release|Any CPU.Build.0 = Release|Any CPU
	EndGlobalSection
	GlobalSection(SolutionProperties) = preSolution
		HideSolutionNode = FALSE
	EndGlobalSection
	GlobalSection(ExtensibilityGlobals) = postSolution
		SolutionGuid = {FFA4690C-B684-4430-B9F8-6744B838B929}
	EndGlobalSection
EndGlobal
