
Microsoft Visual Studio Solution File, Format Version 12.00
# Visual Studio Version 17
VisualStudioVersion = 17.5.002.0
MinimumVisualStudioVersion = 10.0.40219.1
Project("{9A19103F-16F7-4668-BE54-9A1E7A4F7556}") = "day08", "day08.csproj", "{F02B8517-DA3F-49BA-A8A2-92272C477DEF}"
EndProject
Global
	GlobalSection(SolutionConfigurationPlatforms) = preSolution
		Debug|Any CPU = Debug|Any CPU
		Release|Any CPU = Release|Any CPU
	EndGlobalSection
	GlobalSection(ProjectConfigurationPlatforms) = postSolution
		{F02B8517-DA3F-49BA-A8A2-92272C477DEF}.Debug|Any CPU.ActiveCfg = Debug|Any CPU
		{F02B8517-DA3F-49BA-A8A2-92272C477DEF}.Debug|Any CPU.Build.0 = Debug|Any CPU
		{F02B8517-DA3F-49BA-A8A2-92272C477DEF}.Release|Any CPU.ActiveCfg = Release|Any CPU
		{F02B8517-DA3F-49BA-A8A2-92272C477DEF}.Release|Any CPU.Build.0 = Release|Any CPU
	EndGlobalSection
	GlobalSection(SolutionProperties) = preSolution
		HideSolutionNode = FALSE
	EndGlobalSection
	GlobalSection(ExtensibilityGlobals) = postSolution
		SolutionGuid = {C5BB17A8-33D2-4037-B76B-4A04BD34B14C}
	EndGlobalSection
EndGlobal
