
Microsoft Visual Studio Solution File, Format Version 12.00
# Visual Studio Version 17
VisualStudioVersion = 17.5.002.0
MinimumVisualStudioVersion = 10.0.40219.1
Project("{9A19103F-16F7-4668-BE54-9A1E7A4F7556}") = "day05", "day05.csproj", "{E6673DCE-987C-4C99-8440-619DA89752D5}"
EndProject
Global
	GlobalSection(SolutionConfigurationPlatforms) = preSolution
		Debug|Any CPU = Debug|Any CPU
		Release|Any CPU = Release|Any CPU
	EndGlobalSection
	GlobalSection(ProjectConfigurationPlatforms) = postSolution
		{E6673DCE-987C-4C99-8440-619DA89752D5}.Debug|Any CPU.ActiveCfg = Debug|Any CPU
		{E6673DCE-987C-4C99-8440-619DA89752D5}.Debug|Any CPU.Build.0 = Debug|Any CPU
		{E6673DCE-987C-4C99-8440-619DA89752D5}.Release|Any CPU.ActiveCfg = Release|Any CPU
		{E6673DCE-987C-4C99-8440-619DA89752D5}.Release|Any CPU.Build.0 = Release|Any CPU
	EndGlobalSection
	GlobalSection(SolutionProperties) = preSolution
		HideSolutionNode = FALSE
	EndGlobalSection
	GlobalSection(ExtensibilityGlobals) = postSolution
		SolutionGuid = {206C49EF-CEE2-49FF-83A2-89BECDB00301}
	EndGlobalSection
EndGlobal
